
Microsoft Visual Studio Solution File, Format Version 12.00
# Visual Studio Version 17
VisualStudioVersion = 17.11.35312.102
MinimumVisualStudioVersion = 10.0.40219.1
Project("{FAE04EC0-301F-11D3-BF4B-00C04F79EFBC}") = "WebApi", "WebApi\WebApi.csproj", "{69BD04E2-B5D2-4B5F-889F-4F8FC0B1DCFE}"
EndProject
Global
	GlobalSection(SolutionConfigurationPlatforms) = preSolution
		Debug|Any CPU = Debug|Any CPU
		Release|Any CPU = Release|Any CPU
	EndGlobalSection
	GlobalSection(ProjectConfigurationPlatforms) = postSolution
		{69BD04E2-B5D2-4B5F-889F-4F8FC0B1DCFE}.Debug|Any CPU.ActiveCfg = Debug|Any CPU
		{69BD04E2-B5D2-4B5F-889F-4F8FC0B1DCFE}.Debug|Any CPU.Build.0 = Debug|Any CPU
		{69BD04E2-B5D2-4B5F-889F-4F8FC0B1DCFE}.Release|Any CPU.ActiveCfg = Release|Any CPU
		{69BD04E2-B5D2-4B5F-889F-4F8FC0B1DCFE}.Release|Any CPU.Build.0 = Release|Any CPU
	EndGlobalSection
	GlobalSection(SolutionProperties) = preSolution
		HideSolutionNode = FALSE
	EndGlobalSection
	GlobalSection(ExtensibilityGlobals) = postSolution
		SolutionGuid = {3346AC1F-FFA1-4E63-9C16-7C1D5059792D}
	EndGlobalSection
EndGlobal
